
Microsoft Visual Studio Solution File, Format Version 12.00
# Visual Studio 15
VisualStudioVersion = 15.0.27703.2042
MinimumVisualStudioVersion = 10.0.40219.1
Project("{8BC9CEB8-8B4A-11D0-8D11-00A0C91BC942}") = "CommonClasses", "CommonClasses\CommonClasses.vcxproj", "{0ECCF441-CB05-494B-B6E4-4E19E447CC47}"
EndProject
Project("{2150E333-8FDC-42A3-9474-1A3956D46DE8}") = "UnitTests", "UnitTests", "{1040B2C0-7328-42EF-BF70-47E21F51EB5F}"
EndProject
Project("{8BC9CEB8-8B4A-11D0-8D11-00A0C91BC942}") = "ForCommonClasses", "ForCommonClasses\ForCommonClasses.vcxproj", "{3E1F02DF-BC93-4C96-9612-863C734A89BC}"
	ProjectSection(ProjectDependencies) = postProject
		{0ECCF441-CB05-494B-B6E4-4E19E447CC47} = {0ECCF441-CB05-494B-B6E4-4E19E447CC47}
	EndProjectSection
EndProject
Project("{8BC9CEB8-8B4A-11D0-8D11-00A0C91BC942}") = "RenderTest", "RenderTest\RenderTest.vcxproj", "{4B5309A3-5A8B-4359-B7A0-C3005FB46E11}"
	ProjectSection(ProjectDependencies) = postProject
		{0ECCF441-CB05-494B-B6E4-4E19E447CC47} = {0ECCF441-CB05-494B-B6E4-4E19E447CC47}
	EndProjectSection
EndProject
Project("{8BC9CEB8-8B4A-11D0-8D11-00A0C91BC942}") = "RasterizeTest", "RasterizeTest\RasterizeTest.vcxproj", "{8A37FA64-51AC-4D11-BD97-077D3F1FD03E}"
	ProjectSection(ProjectDependencies) = postProject
		{0ECCF441-CB05-494B-B6E4-4E19E447CC47} = {0ECCF441-CB05-494B-B6E4-4E19E447CC47}
	EndProjectSection
EndProject
Project("{8BC9CEB8-8B4A-11D0-8D11-00A0C91BC942}") = "TriangleRasterizeTest", "TriangleRasterizeTest\TriangleRasterizeTest.vcxproj", "{4A27E6C3-E88D-4D2C-BE5D-9EA1EA7111EE}"
	ProjectSection(ProjectDependencies) = postProject
		{0ECCF441-CB05-494B-B6E4-4E19E447CC47} = {0ECCF441-CB05-494B-B6E4-4E19E447CC47}
	EndProjectSection
EndProject
Project("{8BC9CEB8-8B4A-11D0-8D11-00A0C91BC942}") = "TestSuit", "TestSuit\TestSuit.vcxproj", "{59AD5918-2156-42C6-AFEF-D51B15A9A813}"
EndProject
Project("{8BC9CEB8-8B4A-11D0-8D11-00A0C91BC942}") = "TestCasesInSuits", "TestCasesInSuits\TestCasesInSuits.vcxproj", "{DFB04CF2-3194-4764-8FDC-B26816EA98B2}"
	ProjectSection(ProjectDependencies) = postProject
		{0ECCF441-CB05-494B-B6E4-4E19E447CC47} = {0ECCF441-CB05-494B-B6E4-4E19E447CC47}
	EndProjectSection
EndProject
Global
	GlobalSection(SolutionConfigurationPlatforms) = preSolution
		Debug|x64 = Debug|x64
		Debug|x86 = Debug|x86
		Release|x64 = Release|x64
		Release|x86 = Release|x86
	EndGlobalSection
	GlobalSection(ProjectConfigurationPlatforms) = postSolution
		{0ECCF441-CB05-494B-B6E4-4E19E447CC47}.Debug|x64.ActiveCfg = Debug|x64
		{0ECCF441-CB05-494B-B6E4-4E19E447CC47}.Debug|x64.Build.0 = Debug|x64
		{0ECCF441-CB05-494B-B6E4-4E19E447CC47}.Debug|x86.ActiveCfg = Debug|Win32
		{0ECCF441-CB05-494B-B6E4-4E19E447CC47}.Debug|x86.Build.0 = Debug|Win32
		{0ECCF441-CB05-494B-B6E4-4E19E447CC47}.Release|x64.ActiveCfg = Release|x64
		{0ECCF441-CB05-494B-B6E4-4E19E447CC47}.Release|x64.Build.0 = Release|x64
		{0ECCF441-CB05-494B-B6E4-4E19E447CC47}.Release|x86.ActiveCfg = Release|Win32
		{0ECCF441-CB05-494B-B6E4-4E19E447CC47}.Release|x86.Build.0 = Release|Win32
		{3E1F02DF-BC93-4C96-9612-863C734A89BC}.Debug|x64.ActiveCfg = Debug|x64
		{3E1F02DF-BC93-4C96-9612-863C734A89BC}.Debug|x64.Build.0 = Debug|x64
		{3E1F02DF-BC93-4C96-9612-863C734A89BC}.Debug|x86.ActiveCfg = Debug|Win32
		{3E1F02DF-BC93-4C96-9612-863C734A89BC}.Debug|x86.Build.0 = Debug|Win32
		{3E1F02DF-BC93-4C96-9612-863C734A89BC}.Release|x64.ActiveCfg = Release|x64
		{3E1F02DF-BC93-4C96-9612-863C734A89BC}.Release|x64.Build.0 = Release|x64
		{3E1F02DF-BC93-4C96-9612-863C734A89BC}.Release|x86.ActiveCfg = Release|Win32
		{3E1F02DF-BC93-4C96-9612-863C734A89BC}.Release|x86.Build.0 = Release|Win32
		{4B5309A3-5A8B-4359-B7A0-C3005FB46E11}.Debug|x64.ActiveCfg = Debug|x64
		{4B5309A3-5A8B-4359-B7A0-C3005FB46E11}.Debug|x64.Build.0 = Debug|x64
		{4B5309A3-5A8B-4359-B7A0-C3005FB46E11}.Debug|x86.ActiveCfg = Debug|Win32
		{4B5309A3-5A8B-4359-B7A0-C3005FB46E11}.Debug|x86.Build.0 = Debug|Win32
		{4B5309A3-5A8B-4359-B7A0-C3005FB46E11}.Release|x64.ActiveCfg = Release|x64
		{4B5309A3-5A8B-4359-B7A0-C3005FB46E11}.Release|x64.Build.0 = Release|x64
		{4B5309A3-5A8B-4359-B7A0-C3005FB46E11}.Release|x86.ActiveCfg = Release|Win32
		{4B5309A3-5A8B-4359-B7A0-C3005FB46E11}.Release|x86.Build.0 = Release|Win32
		{8A37FA64-51AC-4D11-BD97-077D3F1FD03E}.Debug|x64.ActiveCfg = Debug|x64
		{8A37FA64-51AC-4D11-BD97-077D3F1FD03E}.Debug|x64.Build.0 = Debug|x64
		{8A37FA64-51AC-4D11-BD97-077D3F1FD03E}.Debug|x86.ActiveCfg = Debug|Win32
		{8A37FA64-51AC-4D11-BD97-077D3F1FD03E}.Debug|x86.Build.0 = Debug|Win32
		{8A37FA64-51AC-4D11-BD97-077D3F1FD03E}.Release|x64.ActiveCfg = Release|x64
		{8A37FA64-51AC-4D11-BD97-077D3F1FD03E}.Release|x64.Build.0 = Release|x64
		{8A37FA64-51AC-4D11-BD97-077D3F1FD03E}.Release|x86.ActiveCfg = Release|Win32
		{8A37FA64-51AC-4D11-BD97-077D3F1FD03E}.Release|x86.Build.0 = Release|Win32
		{4A27E6C3-E88D-4D2C-BE5D-9EA1EA7111EE}.Debug|x64.ActiveCfg = Debug|x64
		{4A27E6C3-E88D-4D2C-BE5D-9EA1EA7111EE}.Debug|x64.Build.0 = Debug|x64
		{4A27E6C3-E88D-4D2C-BE5D-9EA1EA7111EE}.Debug|x86.ActiveCfg = Debug|Win32
		{4A27E6C3-E88D-4D2C-BE5D-9EA1EA7111EE}.Debug|x86.Build.0 = Debug|Win32
		{4A27E6C3-E88D-4D2C-BE5D-9EA1EA7111EE}.Release|x64.ActiveCfg = Release|x64
		{4A27E6C3-E88D-4D2C-BE5D-9EA1EA7111EE}.Release|x64.Build.0 = Release|x64
		{4A27E6C3-E88D-4D2C-BE5D-9EA1EA7111EE}.Release|x86.ActiveCfg = Release|Win32
		{4A27E6C3-E88D-4D2C-BE5D-9EA1EA7111EE}.Release|x86.Build.0 = Release|Win32
		{59AD5918-2156-42C6-AFEF-D51B15A9A813}.Debug|x64.ActiveCfg = Debug|x64
		{59AD5918-2156-42C6-AFEF-D51B15A9A813}.Debug|x64.Build.0 = Debug|x64
		{59AD5918-2156-42C6-AFEF-D51B15A9A813}.Debug|x86.ActiveCfg = Debug|Win32
		{59AD5918-2156-42C6-AFEF-D51B15A9A813}.Debug|x86.Build.0 = Debug|Win32
		{59AD5918-2156-42C6-AFEF-D51B15A9A813}.Release|x64.ActiveCfg = Release|x64
		{59AD5918-2156-42C6-AFEF-D51B15A9A813}.Release|x64.Build.0 = Release|x64
		{59AD5918-2156-42C6-AFEF-D51B15A9A813}.Release|x86.ActiveCfg = Release|Win32
		{59AD5918-2156-42C6-AFEF-D51B15A9A813}.Release|x86.Build.0 = Release|Win32
		{DFB04CF2-3194-4764-8FDC-B26816EA98B2}.Debug|x64.ActiveCfg = Debug|x64
		{DFB04CF2-3194-4764-8FDC-B26816EA98B2}.Debug|x64.Build.0 = Debug|x64
		{DFB04CF2-3194-4764-8FDC-B26816EA98B2}.Debug|x86.ActiveCfg = Debug|Win32
		{DFB04CF2-3194-4764-8FDC-B26816EA98B2}.Debug|x86.Build.0 = Debug|Win32
		{DFB04CF2-3194-4764-8FDC-B26816EA98B2}.Release|x64.ActiveCfg = Release|x64
		{DFB04CF2-3194-4764-8FDC-B26816EA98B2}.Release|x64.Build.0 = Release|x64
		{DFB04CF2-3194-4764-8FDC-B26816EA98B2}.Release|x86.ActiveCfg = Release|Win32
		{DFB04CF2-3194-4764-8FDC-B26816EA98B2}.Release|x86.Build.0 = Release|Win32
	EndGlobalSection
	GlobalSection(SolutionProperties) = preSolution
		HideSolutionNode = FALSE
	EndGlobalSection
	GlobalSection(NestedProjects) = preSolution
		{3E1F02DF-BC93-4C96-9612-863C734A89BC} = {1040B2C0-7328-42EF-BF70-47E21F51EB5F}
		{4B5309A3-5A8B-4359-B7A0-C3005FB46E11} = {1040B2C0-7328-42EF-BF70-47E21F51EB5F}
		{8A37FA64-51AC-4D11-BD97-077D3F1FD03E} = {1040B2C0-7328-42EF-BF70-47E21F51EB5F}
		{4A27E6C3-E88D-4D2C-BE5D-9EA1EA7111EE} = {1040B2C0-7328-42EF-BF70-47E21F51EB5F}
		{DFB04CF2-3194-4764-8FDC-B26816EA98B2} = {1040B2C0-7328-42EF-BF70-47E21F51EB5F}
	EndGlobalSection
	GlobalSection(ExtensibilityGlobals) = postSolution
		SolutionGuid = {7E04A65A-EEE1-401C-8B61-84D625835EAD}
	EndGlobalSection
EndGlobal
