<?xml version="1.0" encoding="utf-8"?>
<Project ToolsVersion="4.0" xmlns="http://schemas.microsoft.com/developer/msbuild/2003">
  <ItemGroup>
    <Filter Include="Source">
      <UniqueIdentifier>{4FC737F1-C7A5-4376-A066-2A32D752A2FF}</UniqueIdentifier>
      <Extensions>cpp;c;cc;cxx;def;odl;idl;hpj;bat;asm;asmx</Extensions>
    </Filter>
    <Filter Include="Header">
      <UniqueIdentifier>{93995380-89BD-4b04-88EB-625FBE52EBFB}</UniqueIdentifier>
      <Extensions>h;hh;hpp;hxx;hm;inl;inc;xsd</Extensions>
    </Filter>
  </ItemGroup>
  <ItemGroup>
    <Text Include="ReadMe.md" />
  </ItemGroup>
  <ItemGroup>
    <ClInclude Include="vector2.h">
      <Filter>Header</Filter>
    </ClInclude>
    <ClInclude Include="CommonTypes.h">
      <Filter>Header</Filter>
    </ClInclude>
    <ClInclude Include="vector3.h">
      <Filter>Header</Filter>
    </ClInclude>
    <ClInclude Include="Image.h">
      <Filter>Header</Filter>
    </ClInclude>
    <ClInclude Include="Film.h">
      <Filter>Header</Filter>
    </ClInclude>
    <ClInclude Include="OrthographicCamera.h">
      <Filter>Header</Filter>
    </ClInclude>
    <ClInclude Include="Ray.h">
      <Filter>Header</Filter>
    </ClInclude>
    <ClInclude Include="Surface.h">
      <Filter>Header</Filter>
    </ClInclude>
    <ClInclude Include="Box.h">
      <Filter>Header</Filter>
    </ClInclude>
    <ClInclude Include="Sphere.h">
      <Filter>Header</Filter>
    </ClInclude>
    <ClInclude Include="HitRecord.h">
      <Filter>Header</Filter>
    </ClInclude>
    <ClInclude Include="AABB.h">
      <Filter>Header</Filter>
    </ClInclude>
    <ClInclude Include="DebugHelpers.h">
      <Filter>Header</Filter>
    </ClInclude>
    <ClInclude Include="PerspectiveCamera.h">
      <Filter>Header</Filter>
    </ClInclude>
    <ClInclude Include="Camera.h">
      <Filter>Header</Filter>
    </ClInclude>
    <ClInclude Include="Triangle.h">
      <Filter>Header</Filter>
    </ClInclude>
    <ClInclude Include="Scene.h">
      <Filter>Header</Filter>
    </ClInclude>
    <ClInclude Include="Polygon.h">
      <Filter>Header</Filter>
    </ClInclude>
    <ClInclude Include="Light.h">
      <Filter>Header</Filter>
    </ClInclude>
    <ClInclude Include="ColorTemplate.h">
      <Filter>Header</Filter>
    </ClInclude>
    <ClInclude Include="Material.h">
      <Filter>Header</Filter>
    </ClInclude>
    <ClInclude Include="RasterizeImage.h">
      <Filter>Header</Filter>
    </ClInclude>
    <ClInclude Include="Transform.h">
      <Filter>Header</Filter>
    </ClInclude>
    <ClInclude Include="hvector.h">
      <Filter>Header</Filter>
    </ClInclude>
    <ClInclude Include="PiplineStateObject.h">
      <Filter>Header</Filter>
    </ClInclude>
    <ClInclude Include="Pipline.h">
      <Filter>Header</Filter>
    </ClInclude>
    <ClInclude Include="ScreenSpaceVertexTemplate.h">
      <Filter>Header</Filter>
    </ClInclude>
    <ClInclude Include="F32Buffer.h">
      <Filter>Header</Filter>
    </ClInclude>
    <ClInclude Include="CoordinateFrame.h">
      <Filter>Header</Filter>
    </ClInclude>
    <ClInclude Include="FixPointNumber.h">
      <Filter>Header</Filter>
    </ClInclude>
    <ClInclude Include="EFloat.h">
      <Filter>Header</Filter>
    </ClInclude>
  </ItemGroup>
  <ItemGroup>
    <ClCompile Include="vector2.cpp">
      <Filter>Source</Filter>
    </ClCompile>
    <ClCompile Include="vector3.cpp">
      <Filter>Source</Filter>
    </ClCompile>
    <ClCompile Include="Image.cpp">
      <Filter>Source</Filter>
    </ClCompile>
    <ClCompile Include="Film.cpp">
      <Filter>Source</Filter>
    </ClCompile>
    <ClCompile Include="OrthographicCamera.cpp">
      <Filter>Source</Filter>
    </ClCompile>
    <ClCompile Include="Ray.cpp">
      <Filter>Source</Filter>
    </ClCompile>
    <ClCompile Include="Surface.cpp">
      <Filter>Source</Filter>
    </ClCompile>
    <ClCompile Include="Box.cpp">
      <Filter>Source</Filter>
    </ClCompile>
    <ClCompile Include="Sphere.cpp">
      <Filter>Source</Filter>
    </ClCompile>
    <ClCompile Include="HitRecord.cpp">
      <Filter>Source</Filter>
    </ClCompile>
    <ClCompile Include="AABB.cpp">
      <Filter>Source</Filter>
    </ClCompile>
    <ClCompile Include="PerspectiveCamera.cpp">
      <Filter>Source</Filter>
    </ClCompile>
    <ClCompile Include="Camera.cpp">
      <Filter>Source</Filter>
    </ClCompile>
    <ClCompile Include="Triangle.cpp">
      <Filter>Source</Filter>
    </ClCompile>
    <ClCompile Include="Scene.cpp">
      <Filter>Source</Filter>
    </ClCompile>
    <ClCompile Include="Polygon.cpp">
      <Filter>Source</Filter>
    </ClCompile>
    <ClCompile Include="Light.cpp">
      <Filter>Source</Filter>
    </ClCompile>
    <ClCompile Include="ColorTemplate.cpp">
      <Filter>Source</Filter>
    </ClCompile>
    <ClCompile Include="Material.cpp">
      <Filter>Source</Filter>
    </ClCompile>
    <ClCompile Include="RasterizeImage.cpp">
      <Filter>Source</Filter>
    </ClCompile>
    <ClCompile Include="Transform.cpp">
      <Filter>Source</Filter>
    </ClCompile>
    <ClCompile Include="hvector.cpp">
      <Filter>Source</Filter>
    </ClCompile>
    <ClCompile Include="PiplineStateObject.cpp">
      <Filter>Source</Filter>
    </ClCompile>
    <ClCompile Include="Pipline.cpp">
      <Filter>Source</Filter>
    </ClCompile>
    <ClCompile Include="ScreenSpaceVertexTemplate.cpp">
      <Filter>Source</Filter>
    </ClCompile>
    <ClCompile Include="F32Buffer.cpp">
      <Filter>Source</Filter>
    </ClCompile>
    <ClCompile Include="CoordinateFrame.cpp">
      <Filter>Source</Filter>
    </ClCompile>
    <ClCompile Include="FixPointNumber.cpp">
      <Filter>Source</Filter>
    </ClCompile>
    <ClCompile Include="EFloat.cpp">
      <Filter>Source</Filter>
    </ClCompile>
  </ItemGroup>
</Project>